
Microsoft Visual Studio Solution File, Format Version 12.00
# Visual Studio Version 16
VisualStudioVersion = 16.0.31729.503
MinimumVisualStudioVersion = 10.0.40219.1
Project("{8BC9CEB8-8B4A-11D0-8D11-00A0C91BC942}") = "SearchBenchmark", "SearchBenchmark\SearchBenchmark.vcxproj", "{ED5E2D1F-F419-4BB7-ABB7-F02D4171F93B}"
EndProject
Global
	GlobalSection(SolutionConfigurationPlatforms) = preSolution
		Debug|x64 = Debug|x64
		Debug|x86 = Debug|x86
		Release|x64 = Release|x64
		Release|x86 = Release|x86
	EndGlobalSection
	GlobalSection(ProjectConfigurationPlatforms) = postSolution
		{ED5E2D1F-F419-4BB7-ABB7-F02D4171F93B}.Debug|x64.ActiveCfg = Debug|x64
		{ED5E2D1F-F419-4BB7-ABB7-F02D4171F93B}.Debug|x64.Build.0 = Debug|x64
		{ED5E2D1F-F419-4BB7-ABB7-F02D4171F93B}.Debug|x86.ActiveCfg = Debug|Win32
		{ED5E2D1F-F419-4BB7-ABB7-F02D4171F93B}.Debug|x86.Build.0 = Debug|Win32
		{ED5E2D1F-F419-4BB7-ABB7-F02D4171F93B}.Release|x64.ActiveCfg = Release|x64
		{ED5E2D1F-F419-4BB7-ABB7-F02D4171F93B}.Release|x64.Build.0 = Release|x64
		{ED5E2D1F-F419-4BB7-ABB7-F02D4171F93B}.Release|x86.ActiveCfg = Release|Win32
		{ED5E2D1F-F419-4BB7-ABB7-F02D4171F93B}.Release|x86.Build.0 = Release|Win32
	EndGlobalSection
	GlobalSection(SolutionProperties) = preSolution
		HideSolutionNode = FALSE
	EndGlobalSection
	GlobalSection(ExtensibilityGlobals) = postSolution
		SolutionGuid = {AD2A84BB-15FD-42B5-BA22-78A8C2D24D88}
	EndGlobalSection
EndGlobal
